
Microsoft Visual Studio Solution File, Format Version 12.00
# Visual Studio 2013
VisualStudioVersion = 12.0.31101.0
MinimumVisualStudioVersion = 10.0.40219.1
Project("{F2A71F9B-5D33-465A-A702-920D77279786}") = "CS50.FSharp", "CS50\CS50.FSharp.fsproj", "{A5405244-6132-4288-B6F1-747358CBA9A4}"
EndProject
Project("{FAE04EC0-301F-11D3-BF4B-00C04F79EFBC}") = "CS50.CSharp", "CS50.CSharp\CS50.CSharp.csproj", "{69EED4CE-BA74-4808-838F-620886088860}"
EndProject
Project("{FAE04EC0-301F-11D3-BF4B-00C04F79EFBC}") = "CS50.Test", "CS50.Test\CS50.Test.csproj", "{58BB5678-1627-4FA1-8772-FA2C99016924}"
EndProject
Global
	GlobalSection(SolutionConfigurationPlatforms) = preSolution
		Debug|Any CPU = Debug|Any CPU
		Release|Any CPU = Release|Any CPU
	EndGlobalSection
	GlobalSection(ProjectConfigurationPlatforms) = postSolution
		{A5405244-6132-4288-B6F1-747358CBA9A4}.Debug|Any CPU.ActiveCfg = Debug|Any CPU
		{A5405244-6132-4288-B6F1-747358CBA9A4}.Debug|Any CPU.Build.0 = Debug|Any CPU
		{A5405244-6132-4288-B6F1-747358CBA9A4}.Release|Any CPU.ActiveCfg = Release|Any CPU
		{A5405244-6132-4288-B6F1-747358CBA9A4}.Release|Any CPU.Build.0 = Release|Any CPU
		{69EED4CE-BA74-4808-838F-620886088860}.Debug|Any CPU.ActiveCfg = Debug|Any CPU
		{69EED4CE-BA74-4808-838F-620886088860}.Debug|Any CPU.Build.0 = Debug|Any CPU
		{69EED4CE-BA74-4808-838F-620886088860}.Release|Any CPU.ActiveCfg = Release|Any CPU
		{69EED4CE-BA74-4808-838F-620886088860}.Release|Any CPU.Build.0 = Release|Any CPU
		{58BB5678-1627-4FA1-8772-FA2C99016924}.Debug|Any CPU.ActiveCfg = Debug|Any CPU
		{58BB5678-1627-4FA1-8772-FA2C99016924}.Debug|Any CPU.Build.0 = Debug|Any CPU
		{58BB5678-1627-4FA1-8772-FA2C99016924}.Release|Any CPU.ActiveCfg = Release|Any CPU
		{58BB5678-1627-4FA1-8772-FA2C99016924}.Release|Any CPU.Build.0 = Release|Any CPU
	EndGlobalSection
	GlobalSection(SolutionProperties) = preSolution
		HideSolutionNode = FALSE
	EndGlobalSection
EndGlobal
